{
    "_meta": {
        "hash": {
            "sha256": "8b3c3967dbfd006b056067bfb9d7bca97451799fc9121ddc6913822f02aeddbf"
        },
        "pipfile-spec": 6,
        "requires": {
            "python_version": "3.6"
        },
        "sources": [
            {
                "name": "pypi",
                "url": "https://pypi.python.org/simple",
                "verify_ssl": true
            }
        ]
    },
    "default": {
        "attrdict": {
            "hashes": [
                "sha256:86aeb6d3809e0344409f8148d7cac9eabce5f0b577c160b5e90d10df3f8d2ad3"
            ],
            "version": "==2.0.0"
        },
        "certifi": {
            "hashes": [
                "sha256:13e698f54293db9f89122b0581843a782ad0934a4fe0172d2a980ba77fc61bb7",
                "sha256:9fa520c1bacfb634fa7af20a76bcbd3d5fb390481724c597da32c719a7dca4b0"
            ],
            "version": "==2018.4.16"
        },
        "chardet": {
            "hashes": [
                "sha256:84ab92ed1c4d4f16916e05906b6b75a6c0fb5db821cc65e70cbd64a3e2a5eaae",
                "sha256:fc323ffcaeaed0e0a02bf4d117757b98aed530d9ed4531e3e15460124c106691"
            ],
            "version": "==3.0.4"
        },
        "codecov": {
            "hashes": [
                "sha256:8ed8b7c6791010d359baed66f84f061bba5bd41174bf324c31311e8737602788",
                "sha256:ae00d68e18d8a20e9c3288ba3875ae03db3a8e892115bf9b83ef20507732bed4"
            ],
            "index": "pypi",
            "version": "==2.0.15"
        },
        "coverage": {
            "hashes": [
                "sha256:03481e81d558d30d230bc12999e3edffe392d244349a90f4ef9b88425fac74ba",
                "sha256:0b136648de27201056c1869a6c0d4e23f464750fd9a9ba9750b8336a244429ed",
                "sha256:104ab3934abaf5be871a583541e8829d6c19ce7bde2923b2751e0d3ca44db60a",
                "sha256:15b111b6a0f46ee1a485414a52a7ad1d703bdf984e9ed3c288a4414d3871dcbd",
                "sha256:198626739a79b09fa0a2f06e083ffd12eb55449b5f8bfdbeed1df4910b2ca640",
                "sha256:1c383d2ef13ade2acc636556fd544dba6e14fa30755f26812f54300e401f98f2",
                "sha256:28b2191e7283f4f3568962e373b47ef7f0392993bb6660d079c62bd50fe9d162",
                "sha256:2eb564bbf7816a9d68dd3369a510be3327f1c618d2357fa6b1216994c2e3d508",
                "sha256:337ded681dd2ef9ca04ef5d93cfc87e52e09db2594c296b4a0a3662cb1b41249",
                "sha256:3a2184c6d797a125dca8367878d3b9a178b6fdd05fdc2d35d758c3006a1cd694",
                "sha256:3c79a6f7b95751cdebcd9037e4d06f8d5a9b60e4ed0cd231342aa8ad7124882a",
                "sha256:3d72c20bd105022d29b14a7d628462ebdc61de2f303322c0212a054352f3b287",
                "sha256:3eb42bf89a6be7deb64116dd1cc4b08171734d721e7a7e57ad64cc4ef29ed2f1",
                "sha256:4635a184d0bbe537aa185a34193898eee409332a8ccb27eea36f262566585000",
                "sha256:56e448f051a201c5ebbaa86a5efd0ca90d327204d8b059ab25ad0f35fbfd79f1",
                "sha256:5a13ea7911ff5e1796b6d5e4fbbf6952381a611209b736d48e675c2756f3f74e",
                "sha256:69bf008a06b76619d3c3f3b1983f5145c75a305a0fea513aca094cae5c40a8f5",
                "sha256:6bc583dc18d5979dc0f6cec26a8603129de0304d5ae1f17e57a12834e7235062",
                "sha256:701cd6093d63e6b8ad7009d8a92425428bc4d6e7ab8d75efbb665c806c1d79ba",
                "sha256:7608a3dd5d73cb06c531b8925e0ef8d3de31fed2544a7de6c63960a1e73ea4bc",
                "sha256:76ecd006d1d8f739430ec50cc872889af1f9c1b6b8f48e29941814b09b0fd3cc",
                "sha256:7aa36d2b844a3e4a4b356708d79fd2c260281a7390d678a10b91ca595ddc9e99",
                "sha256:7d3f553904b0c5c016d1dad058a7554c7ac4c91a789fca496e7d8347ad040653",
                "sha256:7e1fe19bd6dce69d9fd159d8e4a80a8f52101380d5d3a4d374b6d3eae0e5de9c",
                "sha256:8c3cb8c35ec4d9506979b4cf90ee9918bc2e49f84189d9bf5c36c0c1119c6558",
                "sha256:9d6dd10d49e01571bf6e147d3b505141ffc093a06756c60b053a859cb2128b1f",
                "sha256:9e112fcbe0148a6fa4f0a02e8d58e94470fc6cb82a5481618fea901699bf34c4",
                "sha256:ac4fef68da01116a5c117eba4dd46f2e06847a497de5ed1d64bb99a5fda1ef91",
                "sha256:b8815995e050764c8610dbc82641807d196927c3dbed207f0a079833ffcf588d",
                "sha256:be6cfcd8053d13f5f5eeb284aa8a814220c3da1b0078fa859011c7fffd86dab9",
                "sha256:c1bb572fab8208c400adaf06a8133ac0712179a334c09224fb11393e920abcdd",
                "sha256:de4418dadaa1c01d497e539210cb6baa015965526ff5afc078c57ca69160108d",
                "sha256:e05cb4d9aad6233d67e0541caa7e511fa4047ed7750ec2510d466e806e0255d6",
                "sha256:e4d96c07229f58cb686120f168276e434660e4358cc9cf3b0464210b04913e77",
                "sha256:f3f501f345f24383c0000395b26b726e46758b71393267aeae0bd36f8b3ade80",
                "sha256:f8a923a85cb099422ad5a2e345fe877bbc89a8a8b23235824a93488150e45f6e"
            ],
            "version": "==4.5.1"
        },
        "cytoolz": {
            "hashes": [
                "sha256:84cc06fa40aa310f2df79dd440fc5f84c3e20f01f9f7783fc9c38d0a11ba00e5"
            ],
            "version": "==0.9.0.1"
        },
        "dotenv-python": {
            "hashes": [
                "sha256:362e170ca8fd69a70c1aca1fda2ddad0ac270e161e81e59f4039ec11decc14fa"
            ],
            "index": "pypi",
            "version": "==0.0.1"
        },
        "eth-abi": {
            "hashes": [
                "sha256:717f33b654fdaed61c3276d26bfa6ca2006ce3254c98d6c8ed0ac645acd5b34b",
                "sha256:a0a9bd9c6985f7d696c195911f097ec70adc2199553f61ac6236c7066eea5ba9"
            ],
            "version": "==1.1.1"
        },
        "eth-account": {
            "hashes": [
                "sha256:23262f2e618fee16c80ba295d10f13e480d8908774a2eaa8a2957ee96dec38ed",
                "sha256:42c405c1caa77f9aa5daf0a5cc9e89e7215ee39625a0dc18b7bdf7774bedf87d"
            ],
            "version": "==0.2.2"
        },
        "eth-hash": {
            "hashes": [
                "sha256:43adcab75a957fcf8c453d5542be55e4e0bd4e166270f45b09ac69b4d6486a06",
                "sha256:8695f5f3794497d1357b2ef6e84c67a7daf4bfec1dde9f76ff6b2022c2cc03a6"
            ],
            "version": "==0.1.2"
        },
        "eth-keyfile": {
            "hashes": [
                "sha256:70d734af17efdf929a90bb95375f43522be4ed80c3b9e0a8bca575fb11cd1159",
                "sha256:939540efb503380bc30d926833e6a12b22c6750de80feef3720d79e5a79de47d"
            ],
            "version": "==0.5.1"
        },
        "eth-keys": {
            "hashes": [
                "sha256:5ab2612f457452dc0a318655051cdd05c20f4db2f445003a46c98d324101b0e4",
                "sha256:b48fc92a527bd905525855ebe45e79ba17be6654c4bedb947119648c145c74c0"
            ],
            "version": "==0.2.0b3"
        },
        "eth-rlp": {
            "hashes": [
                "sha256:05d8456981d85e16a9afa57f2f2c3356af5d1c49499cc8512cfcdc034b90dde5",
                "sha256:a94744c207ea731a7266bd0894179dc6e51a6a8965316000c8e823b5d7e07694"
            ],
            "version": "==0.1.2"
        },
        "eth-utils": {
            "hashes": [
                "sha256:0eb71bdafda7e7e4c80ba98c06b3f89472e8ba0183a149be678f13cbb3b2e9b4",
                "sha256:add4cc71b64e40b15c1e7b037905daf59da58e046004bde7a2915f86a7fc8e57"
            ],
            "version": "==1.0.3"
        },
        "flake8": {
            "hashes": [
                "sha256:7253265f7abd8b313e3892944044a365e3f4ac3fcdcfb4298f55ee9ddf188ba0",
                "sha256:c7841163e2b576d435799169b78703ad6ac1bbb0f199994fc05f700b2a90ea37"
            ],
            "index": "pypi",
            "version": "==3.5.0"
        },
        "hexbytes": {
            "hashes": [
                "sha256:27cc227ae95fc20d44325ac0329a0293d656a05230da079650705030c7d7a819",
                "sha256:67e5608cb4a14d0a4ced058e595bb1f70c207ef2b5219fdc82af10e54bcf38de"
            ],
            "version": "==0.1.0"
        },
        "httplib2": {
            "hashes": [
                "sha256:e71daed9a0e6373642db61166fa70beecc9bf04383477f84671348c02a04cbdf"
            ],
            "index": "pypi",
            "version": "==0.11.3"
        },
        "idna": {
            "hashes": [
                "sha256:2c6a5de3089009e3da7c5dde64a141dbc8551d5b7f6cf4ed7c2568d0cc520a8f",
                "sha256:8c7309c718f94b3a625cb648ace320157ad16ff131ae0af362c9f21b80ef6ec4"
            ],
            "version": "==2.6"
        },
        "jsonschema": {
            "hashes": [
                "sha256:000e68abd33c972a5248544925a0cae7d1125f9bf6c58280d37546b946769a08",
                "sha256:6ff5f3180870836cae40f06fa10419f557208175f13ad7bc26caa77beb1f6e02"
            ],
            "index": "pypi",
            "version": "==2.6.0"
        },
        "lru-dict": {
            "hashes": [
                "sha256:365457660e3d05b76f1aba3e0f7fedbfcd6528e97c5115a351ddd0db488354cc"
            ],
            "version": "==1.1.6"
        },
        "mccabe": {
            "hashes": [
                "sha256:ab8a6258860da4b6677da4bd2fe5dc2c659cff31b3ee4f7f5d64e79735b80d42",
                "sha256:dd8d182285a0fe56bace7f45b5e7d1a6ebcbf524e8f3bd87eb0f125271b8831f"
            ],
            "version": "==0.6.1"
        },
        "parsimonious": {
            "hashes": [
                "sha256:ae0869d72a6e57703f24313a5f5748e73ebff836e6fe8b3ddf34ea0dc00d086b"
            ],
            "version": "==0.8.0"
        },
        "pycodestyle": {
            "hashes": [
                "sha256:682256a5b318149ca0d2a9185d365d8864a768a28db66a84a2ea946bcc426766",
                "sha256:6c4245ade1edfad79c3446fadfc96b0de2759662dc29d07d80a6f27ad1ca6ba9"
            ],
            "version": "==2.3.1"
        },
        "pycryptodome": {
            "hashes": [
                "sha256:043c82cd3dd3120286a1b325ace93000cf52abb13a067c3ecb6220f874fe4c30",
                "sha256:0cdd73492859d853f60b8185715312dbca465879661e28d354d1cf5ea11860e7",
                "sha256:15013007e393d0cc0e69f4329a47c4c8597b7f3d02c12c03f805405542f70c71",
                "sha256:19d81b92bff837cdade735b9023808556bb4868e1ce194dad4d5ec4e2b2851f3",
                "sha256:1ceb3e87605c4f0080115a8a00abf45f5df27b0166a37fd669fbff4523273cfc",
                "sha256:2354a77051ed4a2959ce2aac508071eb3e42fc348ea39228b2eac335990bf508",
                "sha256:27bd2878200690b050dca34f505b5c623532324b3de40267c1484784063134df",
                "sha256:322f239e51fda80233762400a8975ab728639b571fa58545b95b9c44042af010",
                "sha256:49a71eb990af30ff6276cfe201eb83ed3640ae989c1b5973f7b55a46c94232d1",
                "sha256:4b5a2680008da3ac0cef2d3661597e0cbf8a3eb19eed35b859fd67e2de63eb85",
                "sha256:6d34fe5134eb5d62368e21e6f203ac1770bc7273e9536c4a280121312c2de53a",
                "sha256:733d5eb7e5ceed8b9d0b3c24c81f52c04cb5de6786461388204fceefe4456aa5",
                "sha256:7c73d3798fe2946953768b788ce554c0d4b390780f5e73d63bd833241af27bfe",
                "sha256:97af76f5200f15e97cac58d77f319dec40b4bada98de697c91a9517e63b41d1a",
                "sha256:97cc46ff02b99dafdc2e0385b325cec0f8a15bf8b285d6ed1d7e4a3bc2067ce1",
                "sha256:a561b59e0c3548eb649af381b7c38c6fd8392bbd4d0a8214794b2b761f405af4",
                "sha256:ab2c633bfc23cf41be9281228517cb6f87879f4f1aeb154ed72bd53ab7cc83e9",
                "sha256:adb54316998337f315520bbd8ef4d8bbd940b4ddfaef8ba1db3c137c5e499399",
                "sha256:b4a3b710287eb1fc3e2cc1af018063f003530dff00c9ea4c55ae19bc1f3923cc",
                "sha256:bcfdb66d6604882c3f96eea922552c2487cc0aec4b883cd217b9d341d2f8fad0",
                "sha256:c08c053eb8716bbbd5e13e38f453b9e46a063e68df8659f3c421dcb7519fd381",
                "sha256:e51da4ef9d9e2695a04044152f380c2db17adc9fc6fad8e24d863ead9cd548ed",
                "sha256:e850e07f54dc3de9a1efdd59d227fcd1cb30cdd307dafdc647c79e8f30cf5032",
                "sha256:ebc579c41fe26748dc1bad4f9105f08740ee28826293a28103b3875968695a5e",
                "sha256:ed94cb1b4bf24be734f2bf2db3e8ea75f3914d2f8e684291bee54bbe4a5a9151",
                "sha256:f5e19802295e63bdf83bb92849285c01f7167840efb1c1e08507a50b10ba7efa",
                "sha256:fc569682f012b1f62f8d28d8f9bc71f1de67648cd1bc124ef8ccf8db4edfc28a"
            ],
            "version": "==3.6.1"
        },
        "pyflakes": {
            "hashes": [
                "sha256:08bd6a50edf8cffa9fa09a463063c425ecaaf10d1eb0335a7e8b1401aef89e6f",
                "sha256:8d616a382f243dbf19b54743f280b80198be0bca3a5396f1d2e1fca6223e8805"
            ],
            "version": "==1.6.0"
        },
        "requests": {
            "hashes": [
                "sha256:6a1b267aa90cac58ac3a765d067950e7dbbf75b1da07e895d1f594193a40a38b",
                "sha256:9c443e7324ba5b85070c4a818ade28bfabedf16ea10206da1132edaa6dda237e"
            ],
            "version": "==2.18.4"
        },
        "rlp": {
            "hashes": [
                "sha256:492c11b18e89af42f98e96bca7671ffee4ad4cf5e69ea23b4d2221157d81b512",
                "sha256:dc6c5887f354508892b70f2897ca3d135411d669e0103092e689c224ef8de8e9"
            ],
            "version": "==1.0.1"
        },
        "six": {
            "hashes": [
                "sha256:70e8a77beed4562e7f14fe23a786b54f6296e34344c23bc42f07b15018ff98e9",
                "sha256:832dc0e10feb1aa2c68dcc57dbb658f1c7e65b9b61af69048abc87a2db00a0eb"
            ],
            "version": "==1.11.0"
        },
        "socketio-client-nexus": {
            "hashes": [
                "sha256:41e6aaaff981f6729690f472eb2c7a5d1dda07349077e34444527b9700b0aea5",
                "sha256:9f44d705c38e405fcb334f95c1d5d5878a8daabdfeaca3ba56e974b69f42e643"
            ],
            "index": "pypi",
            "version": "==0.7.6"
        },
        "toolz": {
            "hashes": [
                "sha256:929f0a7ea7f61c178bd951bdae93920515d3fbdbafc8e6caf82d752b9b3b31c9"
            ],
            "version": "==0.9.0"
        },
        "urllib3": {
            "hashes": [
                "sha256:06330f386d6e4b195fbfc736b297f58c5a892e4440e54d294d7004e3a9bbea1b",
                "sha256:cc44da8e1145637334317feebd728bd869a35285b93cbb4cca2577da7e62db4f"
            ],
            "version": "==1.22"
        },
        "web3": {
            "hashes": [
                "sha256:87edb8e9e2be222a51e24010d7604cb5ee8e926f4282136df6842be5cec9eec1",
                "sha256:d282cc6fc4a011e289aecb482ce0f27139013e0ea0258639f23c0d7b08362448"
            ],
            "index": "pypi",
            "version": "==4.2.1"
        },
        "websocket-client": {
            "hashes": [
                "sha256:188b68b14fdb2d8eb1a111f21b9ffd2dbf1dbc4e4c1d28cf2c37cdbf1dd1cae6",
                "sha256:a453dc4dfa6e0db3d8fd7738a308a88effe6240c59f3226eb93e8f020c216149"
            ],
            "version": "==0.47.0"
        },
        "websockets": {
            "hashes": [
                "sha256:0c31bc832d529dc7583d324eb6c836a4f362032a1902723c112cf57883488d8c",
                "sha256:1f3e5a52cab6daa3d432c7b0de0a14109be39d2bfaad033ee5de4a3d3e11dcdf",
                "sha256:341824d8c9ad53fc43cca3fa9407f294125fa258592f7676640396501448e57e",
                "sha256:367ff945bc0950ad9634591e2afe50bf2222bc4fad1088a386c4bb700888026e",
                "sha256:3859ca16c229ddb0fa21c5090e4efcb037c08ce69b0c1dfed6122c3f98cd0c22",
                "sha256:3d425ae081fb4ba1eef9ecf30472ffd79f8e868297ccc7a47993c96dbf2a819c",
                "sha256:64896a6b3368c959b8096b655e46f03dfa65b96745249f374bd6a35705cc3489",
                "sha256:6df87698022aef2596bffdfecc96d656db59c8d719708c8a471daa815ee61656",
                "sha256:80188abdadd23edaaea05ce761dc9a2e1df31a74a0533967f0dcd9560c85add0",
                "sha256:d1a0572b6edb22c9208e3e5381064e09d287d2a915f90233fef994ee7a14a935",
                "sha256:da4d4fbe059b0453e726d6d993760065d69b823a27efc3040402a6fcfe6a1ed9",
                "sha256:da7610a017f5343fdf765f4e0eb6fd0dfd08264ca1565212b110836d9367fc9c",
                "sha256:ebdd4f18fe7e3bea9bd3bf446b0f4117739478caa2c76e4f0fb72cc45b03cbd7",
                "sha256:f5192da704535a7cbf76d6e99c1ec4af7e8d1288252bf5a2385d414509ded0cf",
                "sha256:fd81af8cf3e69f9a97f3a6c0623a0527de0f922c2df725f00cd7646d478af632",
                "sha256:fecf51c13195c416c22422353b306dddb9c752e4b80b21e0fa1fccbe38246677"
            ],
            "version": "==4.0.1"
        }
    },
    "develop": {}
}
